{
  "version": 4,
  "terraform_version": "1.10.5",
  "serial": 8,
  "lineage": "fa04b757-64a3-73e9-b87e-a3c44babd604",
  "outputs": {},
  "resources": [
    {
      "mode": "managed",
      "type": "github_branch_protection",
      "name": "main",
      "provider": "provider[\"registry.terraform.io/integrations/github\"]",
      "instances": [
        {
          "schema_version": 2,
          "attributes": {
            "allows_deletions": false,
            "allows_force_pushes": false,
            "enforce_admins": true,
            "force_push_bypassers": [],
            "id": "BPR_kwDON70L3M4DkKp1",
            "lock_branch": false,
            "pattern": "main",
            "repository_id": "R_kgDON70L3A",
            "require_conversation_resolution": false,
            "require_signed_commits": false,
            "required_linear_history": true,
            "required_pull_request_reviews": [
              {
                "dismiss_stale_reviews": true,
                "dismissal_restrictions": [],
                "pull_request_bypassers": [],
                "require_code_owner_reviews": true,
                "require_last_push_approval": false,
                "required_approving_review_count": 1,
                "restrict_dismissals": false
              }
            ],
            "required_status_checks": [
              {
                "contexts": [
                  "continuous-integration/github-actions"
                ],
                "strict": true
              }
            ],
            "restrict_pushes": []
          },
          "sensitive_attributes": [],
          "private": "eyJzY2hlbWFfdmVyc2lvbiI6IjIifQ==",
          "dependencies": [
            "github_repository.terraform"
          ]
        }
      ]
    },
    {
      "mode": "managed",
      "type": "github_issue_label",
      "name": "labels",
      "provider": "provider[\"registry.terraform.io/integrations/github\"]",
      "instances": [
        {
          "index_key": "dev",
          "schema_version": 0,
          "attributes": {
            "color": "00ff00",
            "description": "Priority dev",
            "etag": "W/\"8a573630a43657183437f01622342b8d15ae3f2e3664173879546301c0b1ed28\"",
            "id": "terraform-laboratory:dev",
            "name": "dev",
            "repository": "terraform-laboratory",
            "url": "https://api.github.com/repos/brrodriguezd/terraform-laboratory/labels/dev"
          },
          "sensitive_attributes": [],
          "private": "bnVsbA==",
          "dependencies": [
            "github_repository.terraform"
          ]
        },
        {
          "index_key": "feature",
          "schema_version": 0,
          "attributes": {
            "color": "00ff00",
            "description": "Priority feature",
            "etag": "W/\"3a036acb21d36939deb4df38bc77fbdcd3c16b72f53d4d61818d92710a5c2950\"",
            "id": "terraform-laboratory:feature",
            "name": "feature",
            "repository": "terraform-laboratory",
            "url": "https://api.github.com/repos/brrodriguezd/terraform-laboratory/labels/feature"
          },
          "sensitive_attributes": [],
          "private": "bnVsbA==",
          "dependencies": [
            "github_repository.terraform"
          ]
        },
        {
          "index_key": "prod",
          "schema_version": 0,
          "attributes": {
            "color": "00ff00",
            "description": "Priority prod",
            "etag": "W/\"57602a287350b7573b57fea9335576d051f9509d813f740107793cec6ab88c12\"",
            "id": "terraform-laboratory:prod",
            "name": "prod",
            "repository": "terraform-laboratory",
            "url": "https://api.github.com/repos/brrodriguezd/terraform-laboratory/labels/prod"
          },
          "sensitive_attributes": [],
          "private": "bnVsbA==",
          "dependencies": [
            "github_repository.terraform"
          ]
        }
      ]
    },
    {
      "mode": "managed",
      "type": "github_repository",
      "name": "terraform",
      "provider": "provider[\"registry.terraform.io/integrations/github\"]",
      "instances": [
        {
          "schema_version": 1,
          "attributes": {
            "allow_auto_merge": false,
            "allow_merge_commit": true,
            "allow_rebase_merge": true,
            "allow_squash_merge": true,
            "allow_update_branch": false,
            "archive_on_destroy": null,
            "archived": false,
            "auto_init": true,
            "default_branch": "main",
            "delete_branch_on_merge": false,
            "description": "Repository created and managed by Terraform, for Arquitics",
            "etag": "W/\"933ef89aec0ac80e61316ad1298020973e889e819793afea87035bf2132128de\"",
            "full_name": "brrodriguezd/terraform-laboratory",
            "git_clone_url": "git://github.com/brrodriguezd/terraform-laboratory.git",
            "gitignore_template": null,
            "has_discussions": false,
            "has_downloads": false,
            "has_issues": false,
            "has_projects": false,
            "has_wiki": false,
            "homepage_url": "",
            "html_url": "https://github.com/brrodriguezd/terraform-laboratory",
            "http_clone_url": "https://github.com/brrodriguezd/terraform-laboratory.git",
            "id": "terraform-laboratory",
            "ignore_vulnerability_alerts_during_read": null,
            "is_template": false,
            "license_template": null,
            "merge_commit_message": "PR_TITLE",
            "merge_commit_title": "MERGE_MESSAGE",
            "name": "terraform-laboratory",
            "node_id": "R_kgDON70L3A",
            "pages": [],
            "primary_language": "",
            "private": false,
            "repo_id": 935136220,
            "security_and_analysis": [
              {
                "advanced_security": [],
                "secret_scanning": [
                  {
                    "status": "enabled"
                  }
                ],
                "secret_scanning_push_protection": [
                  {
                    "status": "enabled"
                  }
                ]
              }
            ],
            "squash_merge_commit_message": "COMMIT_MESSAGES",
            "squash_merge_commit_title": "COMMIT_OR_PR_TITLE",
            "ssh_clone_url": "git@github.com:brrodriguezd/terraform-laboratory.git",
            "svn_url": "https://github.com/brrodriguezd/terraform-laboratory",
            "template": [],
            "topics": [],
            "visibility": "public",
            "vulnerability_alerts": true,
            "web_commit_signoff_required": false
          },
          "sensitive_attributes": [],
          "private": "eyJzY2hlbWFfdmVyc2lvbiI6IjEifQ=="
        }
      ]
    }
  ],
  "check_results": null
}
